// !$*UTF8*$!
{
	archiveVersion = 1;
	classes = {
	};
	objectVersion = 56;
	objects = {

/* Begin PBXBuildFile section */
		6862881E2C6D06AE002300D0 /* AppDelegate.swift in Sources */ = {isa = PBXBuildFile; fileRef = 6862881D2C6D06AE002300D0 /* AppDelegate.swift */; };
		686288202C6D06AE002300D0 /* SceneDelegate.swift in Sources */ = {isa = PBXBuildFile; fileRef = 6862881F2C6D06AE002300D0 /* SceneDelegate.swift */; };
		686288222C6D06AE002300D0 /* ExpenseViewController.swift in Sources */ = {isa = PBXBuildFile; fileRef = 686288212C6D06AE002300D0 /* ExpenseViewController.swift */; };
		686288252C6D06AE002300D0 /* Base in Resources */ = {isa = PBXBuildFile; fileRef = 686288242C6D06AE002300D0 /* Base */; };
		686288272C6D06AF002300D0 /* Assets.xcassets in Resources */ = {isa = PBXBuildFile; fileRef = 686288262C6D06AF002300D0 /* Assets.xcassets */; };
		6862882A2C6D06AF002300D0 /* Base in Resources */ = {isa = PBXBuildFile; fileRef = 686288292C6D06AF002300D0 /* Base */; };
		686288352C6D06B0002300D0 /* ExpensesTests.swift in Sources */ = {isa = PBXBuildFile; fileRef = 686288342C6D06B0002300D0 /* ExpensesTests.swift */; };
		6862883F2C6D06B0002300D0 /* ExpensesUITests.swift in Sources */ = {isa = PBXBuildFile; fileRef = 6862883E2C6D06B0002300D0 /* ExpensesUITests.swift */; };
		686288412C6D06B0002300D0 /* ExpensesUITestsLaunchTests.swift in Sources */ = {isa = PBXBuildFile; fileRef = 686288402C6D06B0002300D0 /* ExpensesUITestsLaunchTests.swift */; };
		686288542C6E20D0002300D0 /* ExpencesHistoryViewController.swift in Sources */ = {isa = PBXBuildFile; fileRef = 686288532C6E20D0002300D0 /* ExpencesHistoryViewController.swift */; };
		686288572C6E46FF002300D0 /* ExpenseTableViewCell.swift in Sources */ = {isa = PBXBuildFile; fileRef = 686288562C6E46FF002300D0 /* ExpenseTableViewCell.swift */; };
		686288592C6E4764002300D0 /* ExpenseTableViewCell.xib in Resources */ = {isa = PBXBuildFile; fileRef = 686288582C6E4764002300D0 /* ExpenseTableViewCell.xib */; };
		6862885B2C6E57BA002300D0 /* Expense.swift in Sources */ = {isa = PBXBuildFile; fileRef = 6862885A2C6E57BA002300D0 /* Expense.swift */; };
		6862885E2C6E59B0002300D0 /* DateExtension.swift in Sources */ = {isa = PBXBuildFile; fileRef = 6862885D2C6E59B0002300D0 /* DateExtension.swift */; };
/* End PBXBuildFile section */

/* Begin PBXContainerItemProxy section */
		686288312C6D06B0002300D0 /* PBXContainerItemProxy */ = {
			isa = PBXContainerItemProxy;
			containerPortal = 686288122C6D06AE002300D0 /* Project object */;
			proxyType = 1;
			remoteGlobalIDString = 686288192C6D06AE002300D0;
			remoteInfo = Expenses;
		};
		6862883B2C6D06B0002300D0 /* PBXContainerItemProxy */ = {
			isa = PBXContainerItemProxy;
			containerPortal = 686288122C6D06AE002300D0 /* Project object */;
			proxyType = 1;
			remoteGlobalIDString = 686288192C6D06AE002300D0;
			remoteInfo = Expenses;
		};
/* End PBXContainerItemProxy section */

/* Begin PBXFileReference section */
		6862881A2C6D06AE002300D0 /* Expenses.app */ = {isa = PBXFileReference; explicitFileType = wrapper.application; includeInIndex = 0; path = Expenses.app; sourceTree = BUILT_PRODUCTS_DIR; };
		6862881D2C6D06AE002300D0 /* AppDelegate.swift */ = {isa = PBXFileReference; lastKnownFileType = sourcecode.swift; path = AppDelegate.swift; sourceTree = "<group>"; };
		6862881F2C6D06AE002300D0 /* SceneDelegate.swift */ = {isa = PBXFileReference; lastKnownFileType = sourcecode.swift; path = SceneDelegate.swift; sourceTree = "<group>"; };
		686288212C6D06AE002300D0 /* ExpenseViewController.swift */ = {isa = PBXFileReference; lastKnownFileType = sourcecode.swift; path = ExpenseViewController.swift; sourceTree = "<group>"; };
		686288242C6D06AE002300D0 /* Base */ = {isa = PBXFileReference; lastKnownFileType = file.storyboard; name = Base; path = Base.lproj/Main.storyboard; sourceTree = "<group>"; };
		686288262C6D06AF002300D0 /* Assets.xcassets */ = {isa = PBXFileReference; lastKnownFileType = folder.assetcatalog; path = Assets.xcassets; sourceTree = "<group>"; };
		686288292C6D06AF002300D0 /* Base */ = {isa = PBXFileReference; lastKnownFileType = file.storyboard; name = Base; path = Base.lproj/LaunchScreen.storyboard; sourceTree = "<group>"; };
		6862882B2C6D06AF002300D0 /* Info.plist */ = {isa = PBXFileReference; lastKnownFileType = text.plist.xml; path = Info.plist; sourceTree = "<group>"; };
		686288302C6D06B0002300D0 /* ExpensesTests.xctest */ = {isa = PBXFileReference; explicitFileType = wrapper.cfbundle; includeInIndex = 0; path = ExpensesTests.xctest; sourceTree = BUILT_PRODUCTS_DIR; };
		686288342C6D06B0002300D0 /* ExpensesTests.swift */ = {isa = PBXFileReference; lastKnownFileType = sourcecode.swift; path = ExpensesTests.swift; sourceTree = "<group>"; };
		6862883A2C6D06B0002300D0 /* ExpensesUITests.xctest */ = {isa = PBXFileReference; explicitFileType = wrapper.cfbundle; includeInIndex = 0; path = ExpensesUITests.xctest; sourceTree = BUILT_PRODUCTS_DIR; };
		6862883E2C6D06B0002300D0 /* ExpensesUITests.swift */ = {isa = PBXFileReference; lastKnownFileType = sourcecode.swift; path = ExpensesUITests.swift; sourceTree = "<group>"; };
		686288402C6D06B0002300D0 /* ExpensesUITestsLaunchTests.swift */ = {isa = PBXFileReference; lastKnownFileType = sourcecode.swift; path = ExpensesUITestsLaunchTests.swift; sourceTree = "<group>"; };
		686288532C6E20D0002300D0 /* ExpencesHistoryViewController.swift */ = {isa = PBXFileReference; lastKnownFileType = sourcecode.swift; path = ExpencesHistoryViewController.swift; sourceTree = "<group>"; };
		686288562C6E46FF002300D0 /* ExpenseTableViewCell.swift */ = {isa = PBXFileReference; lastKnownFileType = sourcecode.swift; path = ExpenseTableViewCell.swift; sourceTree = "<group>"; };
		686288582C6E4764002300D0 /* ExpenseTableViewCell.xib */ = {isa = PBXFileReference; lastKnownFileType = file.xib; path = ExpenseTableViewCell.xib; sourceTree = "<group>"; };
		6862885A2C6E57BA002300D0 /* Expense.swift */ = {isa = PBXFileReference; lastKnownFileType = sourcecode.swift; path = Expense.swift; sourceTree = "<group>"; };
		6862885D2C6E59B0002300D0 /* DateExtension.swift */ = {isa = PBXFileReference; lastKnownFileType = sourcecode.swift; path = DateExtension.swift; sourceTree = "<group>"; };
/* End PBXFileReference section */

/* Begin PBXFrameworksBuildPhase section */
		686288172C6D06AE002300D0 /* Frameworks */ = {
			isa = PBXFrameworksBuildPhase;
			buildActionMask = 2147483647;
			files = (
			);
			runOnlyForDeploymentPostprocessing = 0;
		};
		6862882D2C6D06B0002300D0 /* Frameworks */ = {
			isa = PBXFrameworksBuildPhase;
			buildActionMask = 2147483647;
			files = (
			);
			runOnlyForDeploymentPostprocessing = 0;
		};
		686288372C6D06B0002300D0 /* Frameworks */ = {
			isa = PBXFrameworksBuildPhase;
			buildActionMask = 2147483647;
			files = (
			);
			runOnlyForDeploymentPostprocessing = 0;
		};
/* End PBXFrameworksBuildPhase section */

/* Begin PBXGroup section */
		686288112C6D06AE002300D0 = {
			isa = PBXGroup;
			children = (
				6862881C2C6D06AE002300D0 /* Expenses */,
				686288332C6D06B0002300D0 /* ExpensesTests */,
				6862883D2C6D06B0002300D0 /* ExpensesUITests */,
				6862881B2C6D06AE002300D0 /* Products */,
			);
			sourceTree = "<group>";
		};
		6862881B2C6D06AE002300D0 /* Products */ = {
			isa = PBXGroup;
			children = (
				6862881A2C6D06AE002300D0 /* Expenses.app */,
				686288302C6D06B0002300D0 /* ExpensesTests.xctest */,
				6862883A2C6D06B0002300D0 /* ExpensesUITests.xctest */,
			);
			name = Products;
			sourceTree = "<group>";
		};
		6862881C2C6D06AE002300D0 /* Expenses */ = {
			isa = PBXGroup;
			children = (
				6862881D2C6D06AE002300D0 /* AppDelegate.swift */,
				6862881F2C6D06AE002300D0 /* SceneDelegate.swift */,
				6862885C2C6E593E002300D0 /* Extensions */,
				686288502C6DF308002300D0 /* Services */,
				6862884D2C6DF2DA002300D0 /* Models */,
				6862884F2C6DF2F8002300D0 /* ViewModels */,
				6862884E2C6DF2F1002300D0 /* Views */,
				686288512C6DF371002300D0 /* Assets */,
				6862882B2C6D06AF002300D0 /* Info.plist */,
			);
			path = Expenses;
			sourceTree = "<group>";
		};
		686288332C6D06B0002300D0 /* ExpensesTests */ = {
			isa = PBXGroup;
			children = (
				686288342C6D06B0002300D0 /* ExpensesTests.swift */,
			);
			path = ExpensesTests;
			sourceTree = "<group>";
		};
		6862883D2C6D06B0002300D0 /* ExpensesUITests */ = {
			isa = PBXGroup;
			children = (
				6862883E2C6D06B0002300D0 /* ExpensesUITests.swift */,
				686288402C6D06B0002300D0 /* ExpensesUITestsLaunchTests.swift */,
			);
			path = ExpensesUITests;
			sourceTree = "<group>";
		};
		6862884D2C6DF2DA002300D0 /* Models */ = {
			isa = PBXGroup;
			children = (
				6862885A2C6E57BA002300D0 /* Expense.swift */,
			);
			path = Models;
			sourceTree = "<group>";
		};
		6862884E2C6DF2F1002300D0 /* Views */ = {
			isa = PBXGroup;
			children = (
				686288552C6E46A4002300D0 /* Cells */,
				686288522C6DF3B9002300D0 /* Storyboards */,
				686288532C6E20D0002300D0 /* ExpencesHistoryViewController.swift */,
				686288212C6D06AE002300D0 /* ExpenseViewController.swift */,
			);
			path = Views;
			sourceTree = "<group>";
		};
		6862884F2C6DF2F8002300D0 /* ViewModels */ = {
			isa = PBXGroup;
			children = (
			);
			path = ViewModels;
			sourceTree = "<group>";
		};
		686288502C6DF308002300D0 /* Services */ = {
			isa = PBXGroup;
			children = (
			);
			path = Services;
			sourceTree = "<group>";
		};
		686288512C6DF371002300D0 /* Assets */ = {
			isa = PBXGroup;
			children = (
				686288262C6D06AF002300D0 /* Assets.xcassets */,
			);
			path = Assets;
			sourceTree = "<group>";
		};
		686288522C6DF3B9002300D0 /* Storyboards */ = {
			isa = PBXGroup;
			children = (
				686288232C6D06AE002300D0 /* Main.storyboard */,
				686288282C6D06AF002300D0 /* LaunchScreen.storyboard */,
			);
			path = Storyboards;
			sourceTree = "<group>";
		};
		686288552C6E46A4002300D0 /* Cells */ = {
			isa = PBXGroup;
			children = (
				686288562C6E46FF002300D0 /* ExpenseTableViewCell.swift */,
				686288582C6E4764002300D0 /* ExpenseTableViewCell.xib */,
			);
			path = Cells;
			sourceTree = "<group>";
		};
		6862885C2C6E593E002300D0 /* Extensions */ = {
			isa = PBXGroup;
			children = (
				6862885D2C6E59B0002300D0 /* DateExtension.swift */,
			);
			path = Extensions;
			sourceTree = "<group>";
		};
/* End PBXGroup section */

/* Begin PBXNativeTarget section */
		686288192C6D06AE002300D0 /* Expenses */ = {
			isa = PBXNativeTarget;
			buildConfigurationList = 686288442C6D06B0002300D0 /* Build configuration list for PBXNativeTarget "Expenses" */;
			buildPhases = (
				686288162C6D06AE002300D0 /* Sources */,
				686288172C6D06AE002300D0 /* Frameworks */,
				686288182C6D06AE002300D0 /* Resources */,
			);
			buildRules = (
			);
			dependencies = (
			);
			name = Expenses;
			productName = Expenses;
			productReference = 6862881A2C6D06AE002300D0 /* Expenses.app */;
			productType = "com.apple.product-type.application";
		};
		6862882F2C6D06B0002300D0 /* ExpensesTests */ = {
			isa = PBXNativeTarget;
			buildConfigurationList = 686288472C6D06B0002300D0 /* Build configuration list for PBXNativeTarget "ExpensesTests" */;
			buildPhases = (
				6862882C2C6D06B0002300D0 /* Sources */,
				6862882D2C6D06B0002300D0 /* Frameworks */,
				6862882E2C6D06B0002300D0 /* Resources */,
			);
			buildRules = (
			);
			dependencies = (
				686288322C6D06B0002300D0 /* PBXTargetDependency */,
			);
			name = ExpensesTests;
			productName = ExpensesTests;
			productReference = 686288302C6D06B0002300D0 /* ExpensesTests.xctest */;
			productType = "com.apple.product-type.bundle.unit-test";
		};
		686288392C6D06B0002300D0 /* ExpensesUITests */ = {
			isa = PBXNativeTarget;
			buildConfigurationList = 6862884A2C6D06B0002300D0 /* Build configuration list for PBXNativeTarget "ExpensesUITests" */;
			buildPhases = (
				686288362C6D06B0002300D0 /* Sources */,
				686288372C6D06B0002300D0 /* Frameworks */,
				686288382C6D06B0002300D0 /* Resources */,
			);
			buildRules = (
			);
			dependencies = (
				6862883C2C6D06B0002300D0 /* PBXTargetDependency */,
			);
			name = ExpensesUITests;
			productName = ExpensesUITests;
			productReference = 6862883A2C6D06B0002300D0 /* ExpensesUITests.xctest */;
			productType = "com.apple.product-type.bundle.ui-testing";
		};
/* End PBXNativeTarget section */

/* Begin PBXProject section */
		686288122C6D06AE002300D0 /* Project object */ = {
			isa = PBXProject;
			attributes = {
				BuildIndependentTargetsInParallel = 1;
				LastSwiftUpdateCheck = 1540;
				LastUpgradeCheck = 1540;
				TargetAttributes = {
					686288192C6D06AE002300D0 = {
						CreatedOnToolsVersion = 15.4;
					};
					6862882F2C6D06B0002300D0 = {
						CreatedOnToolsVersion = 15.4;
						TestTargetID = 686288192C6D06AE002300D0;
					};
					686288392C6D06B0002300D0 = {
						CreatedOnToolsVersion = 15.4;
						TestTargetID = 686288192C6D06AE002300D0;
					};
				};
			};
			buildConfigurationList = 686288152C6D06AE002300D0 /* Build configuration list for PBXProject "Expenses" */;
			compatibilityVersion = "Xcode 14.0";
			developmentRegion = en;
			hasScannedForEncodings = 0;
			knownRegions = (
				en,
				Base,
			);
			mainGroup = 686288112C6D06AE002300D0;
			productRefGroup = 6862881B2C6D06AE002300D0 /* Products */;
			projectDirPath = "";
			projectRoot = "";
			targets = (
				686288192C6D06AE002300D0 /* Expenses */,
				6862882F2C6D06B0002300D0 /* ExpensesTests */,
				686288392C6D06B0002300D0 /* ExpensesUITests */,
			);
		};
/* End PBXProject section */

/* Begin PBXResourcesBuildPhase section */
		686288182C6D06AE002300D0 /* Resources */ = {
			isa = PBXResourcesBuildPhase;
			buildActionMask = 2147483647;
			files = (
				686288592C6E4764002300D0 /* ExpenseTableViewCell.xib in Resources */,
				686288272C6D06AF002300D0 /* Assets.xcassets in Resources */,
				6862882A2C6D06AF002300D0 /* Base in Resources */,
				686288252C6D06AE002300D0 /* Base in Resources */,
			);
			runOnlyForDeploymentPostprocessing = 0;
		};
		6862882E2C6D06B0002300D0 /* Resources */ = {
			isa = PBXResourcesBuildPhase;
			buildActionMask = 2147483647;
			files = (
			);
			runOnlyForDeploymentPostprocessing = 0;
		};
		686288382C6D06B0002300D0 /* Resources */ = {
			isa = PBXResourcesBuildPhase;
			buildActionMask = 2147483647;
			files = (
			);
			runOnlyForDeploymentPostprocessing = 0;
		};
/* End PBXResourcesBuildPhase section */

/* Begin PBXSourcesBuildPhase section */
		686288162C6D06AE002300D0 /* Sources */ = {
			isa = PBXSourcesBuildPhase;
			buildActionMask = 2147483647;
			files = (
				6862885B2C6E57BA002300D0 /* Expense.swift in Sources */,
				6862885E2C6E59B0002300D0 /* DateExtension.swift in Sources */,
				686288572C6E46FF002300D0 /* ExpenseTableViewCell.swift in Sources */,
				686288222C6D06AE002300D0 /* ExpenseViewController.swift in Sources */,
				6862881E2C6D06AE002300D0 /* AppDelegate.swift in Sources */,
				686288202C6D06AE002300D0 /* SceneDelegate.swift in Sources */,
				686288542C6E20D0002300D0 /* ExpencesHistoryViewController.swift in Sources */,
			);
			runOnlyForDeploymentPostprocessing = 0;
		};
		6862882C2C6D06B0002300D0 /* Sources */ = {
			isa = PBXSourcesBuildPhase;
			buildActionMask = 2147483647;
			files = (
				686288352C6D06B0002300D0 /* ExpensesTests.swift in Sources */,
			);
			runOnlyForDeploymentPostprocessing = 0;
		};
		686288362C6D06B0002300D0 /* Sources */ = {
			isa = PBXSourcesBuildPhase;
			buildActionMask = 2147483647;
			files = (
				686288412C6D06B0002300D0 /* ExpensesUITestsLaunchTests.swift in Sources */,
				6862883F2C6D06B0002300D0 /* ExpensesUITests.swift in Sources */,
			);
			runOnlyForDeploymentPostprocessing = 0;
		};
/* End PBXSourcesBuildPhase section */

/* Begin PBXTargetDependency section */
		686288322C6D06B0002300D0 /* PBXTargetDependency */ = {
			isa = PBXTargetDependency;
			target = 686288192C6D06AE002300D0 /* Expenses */;
			targetProxy = 686288312C6D06B0002300D0 /* PBXContainerItemProxy */;
		};
		6862883C2C6D06B0002300D0 /* PBXTargetDependency */ = {
			isa = PBXTargetDependency;
			target = 686288192C6D06AE002300D0 /* Expenses */;
			targetProxy = 6862883B2C6D06B0002300D0 /* PBXContainerItemProxy */;
		};
/* End PBXTargetDependency section */

/* Begin PBXVariantGroup section */
		686288232C6D06AE002300D0 /* Main.storyboard */ = {
			isa = PBXVariantGroup;
			children = (
				686288242C6D06AE002300D0 /* Base */,
			);
			name = Main.storyboard;
			sourceTree = "<group>";
		};
		686288282C6D06AF002300D0 /* LaunchScreen.storyboard */ = {
			isa = PBXVariantGroup;
			children = (
				686288292C6D06AF002300D0 /* Base */,
			);
			name = LaunchScreen.storyboard;
			sourceTree = "<group>";
		};
/* End PBXVariantGroup section */

/* Begin XCBuildConfiguration section */
		686288422C6D06B0002300D0 /* Debug */ = {
			isa = XCBuildConfiguration;
			buildSettings = {
				ALWAYS_SEARCH_USER_PATHS = NO;
				ASSETCATALOG_COMPILER_GENERATE_SWIFT_ASSET_SYMBOL_EXTENSIONS = YES;
				CLANG_ANALYZER_NONNULL = YES;
				CLANG_ANALYZER_NUMBER_OBJECT_CONVERSION = YES_AGGRESSIVE;
				CLANG_CXX_LANGUAGE_STANDARD = "gnu++20";
				CLANG_ENABLE_MODULES = YES;
				CLANG_ENABLE_OBJC_ARC = YES;
				CLANG_ENABLE_OBJC_WEAK = YES;
				CLANG_WARN_BLOCK_CAPTURE_AUTORELEASING = YES;
				CLANG_WARN_BOOL_CONVERSION = YES;
				CLANG_WARN_COMMA = YES;
				CLANG_WARN_CONSTANT_CONVERSION = YES;
				CLANG_WARN_DEPRECATED_OBJC_IMPLEMENTATIONS = YES;
				CLANG_WARN_DIRECT_OBJC_ISA_USAGE = YES_ERROR;
				CLANG_WARN_DOCUMENTATION_COMMENTS = YES;
				CLANG_WARN_EMPTY_BODY = YES;
				CLANG_WARN_ENUM_CONVERSION = YES;
				CLANG_WARN_INFINITE_RECURSION = YES;
				CLANG_WARN_INT_CONVERSION = YES;
				CLANG_WARN_NON_LITERAL_NULL_CONVERSION = YES;
				CLANG_WARN_OBJC_IMPLICIT_RETAIN_SELF = YES;
				CLANG_WARN_OBJC_LITERAL_CONVERSION = YES;
				CLANG_WARN_OBJC_ROOT_CLASS = YES_ERROR;
				CLANG_WARN_QUOTED_INCLUDE_IN_FRAMEWORK_HEADER = YES;
				CLANG_WARN_RANGE_LOOP_ANALYSIS = YES;
				CLANG_WARN_STRICT_PROTOTYPES = YES;
				CLANG_WARN_SUSPICIOUS_MOVE = YES;
				CLANG_WARN_UNGUARDED_AVAILABILITY = YES_AGGRESSIVE;
				CLANG_WARN_UNREACHABLE_CODE = YES;
				CLANG_WARN__DUPLICATE_METHOD_MATCH = YES;
				COPY_PHASE_STRIP = NO;
				DEBUG_INFORMATION_FORMAT = dwarf;
				ENABLE_STRICT_OBJC_MSGSEND = YES;
				ENABLE_TESTABILITY = YES;
				ENABLE_USER_SCRIPT_SANDBOXING = YES;
				GCC_C_LANGUAGE_STANDARD = gnu17;
				GCC_DYNAMIC_NO_PIC = NO;
				GCC_NO_COMMON_BLOCKS = YES;
				GCC_OPTIMIZATION_LEVEL = 0;
				GCC_PREPROCESSOR_DEFINITIONS = (
					"DEBUG=1",
					"$(inherited)",
				);
				GCC_WARN_64_TO_32_BIT_CONVERSION = YES;
				GCC_WARN_ABOUT_RETURN_TYPE = YES_ERROR;
				GCC_WARN_UNDECLARED_SELECTOR = YES;
				GCC_WARN_UNINITIALIZED_AUTOS = YES_AGGRESSIVE;
				GCC_WARN_UNUSED_FUNCTION = YES;
				GCC_WARN_UNUSED_VARIABLE = YES;
				IPHONEOS_DEPLOYMENT_TARGET = 17.5;
				LOCALIZATION_PREFERS_STRING_CATALOGS = YES;
				MTL_ENABLE_DEBUG_INFO = INCLUDE_SOURCE;
				MTL_FAST_MATH = YES;
				ONLY_ACTIVE_ARCH = YES;
				SDKROOT = iphoneos;
				SWIFT_ACTIVE_COMPILATION_CONDITIONS = "DEBUG $(inherited)";
				SWIFT_OPTIMIZATION_LEVEL = "-Onone";
			};
			name = Debug;
		};
		686288432C6D06B0002300D0 /* Release */ = {
			isa = XCBuildConfiguration;
			buildSettings = {
				ALWAYS_SEARCH_USER_PATHS = NO;
				ASSETCATALOG_COMPILER_GENERATE_SWIFT_ASSET_SYMBOL_EXTENSIONS = YES;
				CLANG_ANALYZER_NONNULL = YES;
				CLANG_ANALYZER_NUMBER_OBJECT_CONVERSION = YES_AGGRESSIVE;
				CLANG_CXX_LANGUAGE_STANDARD = "gnu++20";
				CLANG_ENABLE_MODULES = YES;
				CLANG_ENABLE_OBJC_ARC = YES;
				CLANG_ENABLE_OBJC_WEAK = YES;
				CLANG_WARN_BLOCK_CAPTURE_AUTORELEASING = YES;
				CLANG_WARN_BOOL_CONVERSION = YES;
				CLANG_WARN_COMMA = YES;
				CLANG_WARN_CONSTANT_CONVERSION = YES;
				CLANG_WARN_DEPRECATED_OBJC_IMPLEMENTATIONS = YES;
				CLANG_WARN_DIRECT_OBJC_ISA_USAGE = YES_ERROR;
				CLANG_WARN_DOCUMENTATION_COMMENTS = YES;
				CLANG_WARN_EMPTY_BODY = YES;
				CLANG_WARN_ENUM_CONVERSION = YES;
				CLANG_WARN_INFINITE_RECURSION = YES;
				CLANG_WARN_INT_CONVERSION = YES;
				CLANG_WARN_NON_LITERAL_NULL_CONVERSION = YES;
				CLANG_WARN_OBJC_IMPLICIT_RETAIN_SELF = YES;
				CLANG_WARN_OBJC_LITERAL_CONVERSION = YES;
				CLANG_WARN_OBJC_ROOT_CLASS = YES_ERROR;
				CLANG_WARN_QUOTED_INCLUDE_IN_FRAMEWORK_HEADER = YES;
				CLANG_WARN_RANGE_LOOP_ANALYSIS = YES;
				CLANG_WARN_STRICT_PROTOTYPES = YES;
				CLANG_WARN_SUSPICIOUS_MOVE = YES;
				CLANG_WARN_UNGUARDED_AVAILABILITY = YES_AGGRESSIVE;
				CLANG_WARN_UNREACHABLE_CODE = YES;
				CLANG_WARN__DUPLICATE_METHOD_MATCH = YES;
				COPY_PHASE_STRIP = NO;
				DEBUG_INFORMATION_FORMAT = "dwarf-with-dsym";
				ENABLE_NS_ASSERTIONS = NO;
				ENABLE_STRICT_OBJC_MSGSEND = YES;
				ENABLE_USER_SCRIPT_SANDBOXING = YES;
				GCC_C_LANGUAGE_STANDARD = gnu17;
				GCC_NO_COMMON_BLOCKS = YES;
				GCC_WARN_64_TO_32_BIT_CONVERSION = YES;
				GCC_WARN_ABOUT_RETURN_TYPE = YES_ERROR;
				GCC_WARN_UNDECLARED_SELECTOR = YES;
				GCC_WARN_UNINITIALIZED_AUTOS = YES_AGGRESSIVE;
				GCC_WARN_UNUSED_FUNCTION = YES;
				GCC_WARN_UNUSED_VARIABLE = YES;
				IPHONEOS_DEPLOYMENT_TARGET = 17.5;
				LOCALIZATION_PREFERS_STRING_CATALOGS = YES;
				MTL_ENABLE_DEBUG_INFO = NO;
				MTL_FAST_MATH = YES;
				SDKROOT = iphoneos;
				SWIFT_COMPILATION_MODE = wholemodule;
				VALIDATE_PRODUCT = YES;
			};
			name = Release;
		};
		686288452C6D06B0002300D0 /* Debug */ = {
			isa = XCBuildConfiguration;
			buildSettings = {
				ASSETCATALOG_COMPILER_APPICON_NAME = AppIcon;
				ASSETCATALOG_COMPILER_GLOBAL_ACCENT_COLOR_NAME = AccentColor;
				CODE_SIGN_STYLE = Automatic;
				CURRENT_PROJECT_VERSION = 1;
				DEVELOPMENT_TEAM = 5N4J3CFCBL;
				GENERATE_INFOPLIST_FILE = YES;
				INFOPLIST_FILE = Expenses/Info.plist;
				INFOPLIST_KEY_UIApplicationSupportsIndirectInputEvents = YES;
				INFOPLIST_KEY_UILaunchStoryboardName = LaunchScreen;
				INFOPLIST_KEY_UIMainStoryboardFile = Main;
				INFOPLIST_KEY_UISupportedInterfaceOrientations_iPad = "UIInterfaceOrientationPortrait UIInterfaceOrientationPortraitUpsideDown UIInterfaceOrientationLandscapeLeft UIInterfaceOrientationLandscapeRight";
				INFOPLIST_KEY_UISupportedInterfaceOrientations_iPhone = "UIInterfaceOrientationPortrait UIInterfaceOrientationLandscapeLeft UIInterfaceOrientationLandscapeRight";
				LD_RUNPATH_SEARCH_PATHS = (
					"$(inherited)",
					"@executable_path/Frameworks",
				);
				MARKETING_VERSION = 1.0;
				PRODUCT_BUNDLE_IDENTIFIER = com.vv.myexpenses;
				PRODUCT_NAME = "$(TARGET_NAME)";
				SWIFT_EMIT_LOC_STRINGS = YES;
				SWIFT_VERSION = 5.0;
				TARGETED_DEVICE_FAMILY = "1,2";
			};
			name = Debug;
		};
		686288462C6D06B0002300D0 /* Release */ = {
			isa = XCBuildConfiguration;
			buildSettings = {
				ASSETCATALOG_COMPILER_APPICON_NAME = AppIcon;
				ASSETCATALOG_COMPILER_GLOBAL_ACCENT_COLOR_NAME = AccentColor;
				CODE_SIGN_STYLE = Automatic;
				CURRENT_PROJECT_VERSION = 1;
				DEVELOPMENT_TEAM = 5N4J3CFCBL;
				GENERATE_INFOPLIST_FILE = YES;
				INFOPLIST_FILE = Expenses/Info.plist;
				INFOPLIST_KEY_UIApplicationSupportsIndirectInputEvents = YES;
				INFOPLIST_KEY_UILaunchStoryboardName = LaunchScreen;
				INFOPLIST_KEY_UIMainStoryboardFile = Main;
				INFOPLIST_KEY_UISupportedInterfaceOrientations_iPad = "UIInterfaceOrientationPortrait UIInterfaceOrientationPortraitUpsideDown UIInterfaceOrientationLandscapeLeft UIInterfaceOrientationLandscapeRight";
				INFOPLIST_KEY_UISupportedInterfaceOrientations_iPhone = "UIInterfaceOrientationPortrait UIInterfaceOrientationLandscapeLeft UIInterfaceOrientationLandscapeRight";
				LD_RUNPATH_SEARCH_PATHS = (
					"$(inherited)",
					"@executable_path/Frameworks",
				);
				MARKETING_VERSION = 1.0;
				PRODUCT_BUNDLE_IDENTIFIER = com.vv.myexpenses;
				PRODUCT_NAME = "$(TARGET_NAME)";
				SWIFT_EMIT_LOC_STRINGS = YES;
				SWIFT_VERSION = 5.0;
				TARGETED_DEVICE_FAMILY = "1,2";
			};
			name = Release;
		};
		686288482C6D06B0002300D0 /* Debug */ = {
			isa = XCBuildConfiguration;
			buildSettings = {
				ALWAYS_EMBED_SWIFT_STANDARD_LIBRARIES = YES;
				BUNDLE_LOADER = "$(TEST_HOST)";
				CODE_SIGN_STYLE = Automatic;
				CURRENT_PROJECT_VERSION = 1;
				DEVELOPMENT_TEAM = 5N4J3CFCBL;
				GENERATE_INFOPLIST_FILE = YES;
				IPHONEOS_DEPLOYMENT_TARGET = 17.5;
				MARKETING_VERSION = 1.0;
				PRODUCT_BUNDLE_IDENTIFIER = com.vv.ExpensesTests;
				PRODUCT_NAME = "$(TARGET_NAME)";
				SWIFT_EMIT_LOC_STRINGS = NO;
				SWIFT_VERSION = 5.0;
				TARGETED_DEVICE_FAMILY = "1,2";
				TEST_HOST = "$(BUILT_PRODUCTS_DIR)/Expenses.app/$(BUNDLE_EXECUTABLE_FOLDER_PATH)/Expenses";
			};
			name = Debug;
		};
		686288492C6D06B0002300D0 /* Release */ = {
			isa = XCBuildConfiguration;
			buildSettings = {
				ALWAYS_EMBED_SWIFT_STANDARD_LIBRARIES = YES;
				BUNDLE_LOADER = "$(TEST_HOST)";
				CODE_SIGN_STYLE = Automatic;
				CURRENT_PROJECT_VERSION = 1;
				DEVELOPMENT_TEAM = 5N4J3CFCBL;
				GENERATE_INFOPLIST_FILE = YES;
				IPHONEOS_DEPLOYMENT_TARGET = 17.5;
				MARKETING_VERSION = 1.0;
				PRODUCT_BUNDLE_IDENTIFIER = com.vv.ExpensesTests;
				PRODUCT_NAME = "$(TARGET_NAME)";
				SWIFT_EMIT_LOC_STRINGS = NO;
				SWIFT_VERSION = 5.0;
				TARGETED_DEVICE_FAMILY = "1,2";
				TEST_HOST = "$(BUILT_PRODUCTS_DIR)/Expenses.app/$(BUNDLE_EXECUTABLE_FOLDER_PATH)/Expenses";
			};
			name = Release;
		};
		6862884B2C6D06B0002300D0 /* Debug */ = {
			isa = XCBuildConfiguration;
			buildSettings = {
				ALWAYS_EMBED_SWIFT_STANDARD_LIBRARIES = YES;
				CODE_SIGN_STYLE = Automatic;
				CURRENT_PROJECT_VERSION = 1;
				DEVELOPMENT_TEAM = 5N4J3CFCBL;
				GENERATE_INFOPLIST_FILE = YES;
				MARKETING_VERSION = 1.0;
				PRODUCT_BUNDLE_IDENTIFIER = com.vv.ExpensesUITests;
				PRODUCT_NAME = "$(TARGET_NAME)";
				SWIFT_EMIT_LOC_STRINGS = NO;
				SWIFT_VERSION = 5.0;
				TARGETED_DEVICE_FAMILY = "1,2";
				TEST_TARGET_NAME = Expenses;
			};
			name = Debug;
		};
		6862884C2C6D06B0002300D0 /* Release */ = {
			isa = XCBuildConfiguration;
			buildSettings = {
				ALWAYS_EMBED_SWIFT_STANDARD_LIBRARIES = YES;
				CODE_SIGN_STYLE = Automatic;
				CURRENT_PROJECT_VERSION = 1;
				DEVELOPMENT_TEAM = 5N4J3CFCBL;
				GENERATE_INFOPLIST_FILE = YES;
				MARKETING_VERSION = 1.0;
				PRODUCT_BUNDLE_IDENTIFIER = com.vv.ExpensesUITests;
				PRODUCT_NAME = "$(TARGET_NAME)";
				SWIFT_EMIT_LOC_STRINGS = NO;
				SWIFT_VERSION = 5.0;
				TARGETED_DEVICE_FAMILY = "1,2";
				TEST_TARGET_NAME = Expenses;
			};
			name = Release;
		};
/* End XCBuildConfiguration section */

/* Begin XCConfigurationList section */
		686288152C6D06AE002300D0 /* Build configuration list for PBXProject "Expenses" */ = {
			isa = XCConfigurationList;
			buildConfigurations = (
				686288422C6D06B0002300D0 /* Debug */,
				686288432C6D06B0002300D0 /* Release */,
			);
			defaultConfigurationIsVisible = 0;
			defaultConfigurationName = Release;
		};
		686288442C6D06B0002300D0 /* Build configuration list for PBXNativeTarget "Expenses" */ = {
			isa = XCConfigurationList;
			buildConfigurations = (
				686288452C6D06B0002300D0 /* Debug */,
				686288462C6D06B0002300D0 /* Release */,
			);
			defaultConfigurationIsVisible = 0;
			defaultConfigurationName = Release;
		};
		686288472C6D06B0002300D0 /* Build configuration list for PBXNativeTarget "ExpensesTests" */ = {
			isa = XCConfigurationList;
			buildConfigurations = (
				686288482C6D06B0002300D0 /* Debug */,
				686288492C6D06B0002300D0 /* Release */,
			);
			defaultConfigurationIsVisible = 0;
			defaultConfigurationName = Release;
		};
		6862884A2C6D06B0002300D0 /* Build configuration list for PBXNativeTarget "ExpensesUITests" */ = {
			isa = XCConfigurationList;
			buildConfigurations = (
				6862884B2C6D06B0002300D0 /* Debug */,
				6862884C2C6D06B0002300D0 /* Release */,
			);
			defaultConfigurationIsVisible = 0;
			defaultConfigurationName = Release;
		};
/* End XCConfigurationList section */
	};
	rootObject = 686288122C6D06AE002300D0 /* Project object */;
}
